
Microsoft Visual Studio Solution File, Format Version 12.00
# Visual Studio Version 17
VisualStudioVersion = 17.1.32421.90
MinimumVisualStudioVersion = 10.0.40219.1
Project("{FAE04EC0-301F-11D3-BF4B-00C04F79EFBC}") = "OrderManagement", "OrderManagement.csproj", "{CD1FAE75-D6B4-493F-BD3D-84A5BE3CCA72}"
EndProject
Project("{FAE04EC0-301F-11D3-BF4B-00C04F79EFBC}") = "OrderManagement_DataLayer", "OrderManagement_DataLayer\OrderManagement_DataLayer.csproj", "{3099AEB8-D36F-4434-80A1-04F1A63D3995}"
EndProject
Project("{00D1A9C2-B5F0-4AF3-8072-F6C62B433612}") = "OrderManagement_SQL", "..\OrderManagement_SQL\OrderManagement_SQL.sqlproj", "{01772DC7-DCD2-4635-9A5F-B4F2BCDD9802}"
EndProject
Global
	GlobalSection(SolutionConfigurationPlatforms) = preSolution
		Debug|Any CPU = Debug|Any CPU
		Release|Any CPU = Release|Any CPU
	EndGlobalSection
	GlobalSection(ProjectConfigurationPlatforms) = postSolution
		{CD1FAE75-D6B4-493F-BD3D-84A5BE3CCA72}.Debug|Any CPU.ActiveCfg = Debug|Any CPU
		{CD1FAE75-D6B4-493F-BD3D-84A5BE3CCA72}.Debug|Any CPU.Build.0 = Debug|Any CPU
		{CD1FAE75-D6B4-493F-BD3D-84A5BE3CCA72}.Release|Any CPU.ActiveCfg = Release|Any CPU
		{CD1FAE75-D6B4-493F-BD3D-84A5BE3CCA72}.Release|Any CPU.Build.0 = Release|Any CPU
		{3099AEB8-D36F-4434-80A1-04F1A63D3995}.Debug|Any CPU.ActiveCfg = Debug|Any CPU
		{3099AEB8-D36F-4434-80A1-04F1A63D3995}.Debug|Any CPU.Build.0 = Debug|Any CPU
		{3099AEB8-D36F-4434-80A1-04F1A63D3995}.Release|Any CPU.ActiveCfg = Release|Any CPU
		{3099AEB8-D36F-4434-80A1-04F1A63D3995}.Release|Any CPU.Build.0 = Release|Any CPU
		{01772DC7-DCD2-4635-9A5F-B4F2BCDD9802}.Debug|Any CPU.ActiveCfg = Debug|Any CPU
		{01772DC7-DCD2-4635-9A5F-B4F2BCDD9802}.Debug|Any CPU.Build.0 = Debug|Any CPU
		{01772DC7-DCD2-4635-9A5F-B4F2BCDD9802}.Debug|Any CPU.Deploy.0 = Debug|Any CPU
		{01772DC7-DCD2-4635-9A5F-B4F2BCDD9802}.Release|Any CPU.ActiveCfg = Release|Any CPU
		{01772DC7-DCD2-4635-9A5F-B4F2BCDD9802}.Release|Any CPU.Build.0 = Release|Any CPU
		{01772DC7-DCD2-4635-9A5F-B4F2BCDD9802}.Release|Any CPU.Deploy.0 = Release|Any CPU
	EndGlobalSection
	GlobalSection(SolutionProperties) = preSolution
		HideSolutionNode = FALSE
	EndGlobalSection
	GlobalSection(ExtensibilityGlobals) = postSolution
		SolutionGuid = {734C489D-B982-4151-9C5F-81425435B510}
	EndGlobalSection
EndGlobal
